
Microsoft Visual Studio Solution File, Format Version 12.00
# Visual Studio Version 17
VisualStudioVersion = 17.7.34031.279
MinimumVisualStudioVersion = 10.0.40219.1
Project("{9A19103F-16F7-4668-BE54-9A1E7A4F7556}") = "Microservice1", "Microservice1\Microservice1.csproj", "{C72AC54A-1791-467E-A141-94A04BC4BE7E}"
EndProject
Global
	GlobalSection(SolutionConfigurationPlatforms) = preSolution
		Debug|Any CPU = Debug|Any CPU
		Release|Any CPU = Release|Any CPU
	EndGlobalSection
	GlobalSection(ProjectConfigurationPlatforms) = postSolution
		{C72AC54A-1791-467E-A141-94A04BC4BE7E}.Debug|Any CPU.ActiveCfg = Debug|Any CPU
		{C72AC54A-1791-467E-A141-94A04BC4BE7E}.Debug|Any CPU.Build.0 = Debug|Any CPU
		{C72AC54A-1791-467E-A141-94A04BC4BE7E}.Release|Any CPU.ActiveCfg = Release|Any CPU
		{C72AC54A-1791-467E-A141-94A04BC4BE7E}.Release|Any CPU.Build.0 = Release|Any CPU
	EndGlobalSection
	GlobalSection(SolutionProperties) = preSolution
		HideSolutionNode = FALSE
	EndGlobalSection
	GlobalSection(ExtensibilityGlobals) = postSolution
		SolutionGuid = {E8EB1ED4-8B6D-462C-8896-D2C24205E5C9}
	EndGlobalSection
EndGlobal
